
Microsoft Visual Studio Solution File, Format Version 12.00
# Visual Studio 15
Project("{FAE04EC0-301F-11D3-BF4B-00C04F79EFBC}") = "Assembly-CSharp", "Assembly-CSharp.csproj", "{96078C1B-D87E-ED04-255F-00DFF1696F00}"
EndProject
Project("{FAE04EC0-301F-11D3-BF4B-00C04F79EFBC}") = "Assembly-CSharp-Editor", "Assembly-CSharp-Editor.csproj", "{6453FA81-569B-AEA0-2A99-891A22125740}"
EndProject
Global
	GlobalSection(SolutionConfigurationPlatforms) = preSolution
		Debug|Any CPU = Debug|Any CPU
		Release|Any CPU = Release|Any CPU
	EndGlobalSection
	GlobalSection(ProjectConfigurationPlatforms) = postSolution
		{96078C1B-D87E-ED04-255F-00DFF1696F00}.Debug|Any CPU.ActiveCfg = Debug|Any CPU
		{96078C1B-D87E-ED04-255F-00DFF1696F00}.Debug|Any CPU.Build.0 = Debug|Any CPU
		{96078C1B-D87E-ED04-255F-00DFF1696F00}.Release|Any CPU.ActiveCfg = Release|Any CPU
		{96078C1B-D87E-ED04-255F-00DFF1696F00}.Release|Any CPU.Build.0 = Release|Any CPU
		{6453FA81-569B-AEA0-2A99-891A22125740}.Debug|Any CPU.ActiveCfg = Debug|Any CPU
		{6453FA81-569B-AEA0-2A99-891A22125740}.Debug|Any CPU.Build.0 = Debug|Any CPU
		{6453FA81-569B-AEA0-2A99-891A22125740}.Release|Any CPU.ActiveCfg = Release|Any CPU
		{6453FA81-569B-AEA0-2A99-891A22125740}.Release|Any CPU.Build.0 = Release|Any CPU
	EndGlobalSection
	GlobalSection(SolutionProperties) = preSolution
		HideSolutionNode = FALSE
	EndGlobalSection
EndGlobal
